
Microsoft Visual Studio Solution File, Format Version 12.00
# Visual Studio Version 16
VisualStudioVersion = 16.0.31702.278
MinimumVisualStudioVersion = 10.0.40219.1
Project("{FAE04EC0-301F-11D3-BF4B-00C04F79EFBC}") = "SIM_TP4", "SIM_TP4\SIM_TP4.csproj", "{1088286B-F061-481F-B707-1A4EF3C13EE8}"
EndProject
Global
	GlobalSection(SolutionConfigurationPlatforms) = preSolution
		Debug|Any CPU = Debug|Any CPU
		Release|Any CPU = Release|Any CPU
	EndGlobalSection
	GlobalSection(ProjectConfigurationPlatforms) = postSolution
		{1088286B-F061-481F-B707-1A4EF3C13EE8}.Debug|Any CPU.ActiveCfg = Debug|Any CPU
		{1088286B-F061-481F-B707-1A4EF3C13EE8}.Debug|Any CPU.Build.0 = Debug|Any CPU
		{1088286B-F061-481F-B707-1A4EF3C13EE8}.Release|Any CPU.ActiveCfg = Release|Any CPU
		{1088286B-F061-481F-B707-1A4EF3C13EE8}.Release|Any CPU.Build.0 = Release|Any CPU
	EndGlobalSection
	GlobalSection(SolutionProperties) = preSolution
		HideSolutionNode = FALSE
	EndGlobalSection
	GlobalSection(ExtensibilityGlobals) = postSolution
		SolutionGuid = {79526857-2EEB-4322-91C7-2BA13A0F38E1}
	EndGlobalSection
EndGlobal
