
Microsoft Visual Studio Solution File, Format Version 12.00
# Visual Studio Version 16
VisualStudioVersion = 16.0.31702.278
MinimumVisualStudioVersion = 10.0.40219.1
Project("{FAE04EC0-301F-11D3-BF4B-00C04F79EFBC}") = "TP6_SIM", "TP6_SIM\TP6_SIM.csproj", "{2F387D95-B402-4931-BC2A-233DE39416AC}"
EndProject
Global
	GlobalSection(SolutionConfigurationPlatforms) = preSolution
		Debug|Any CPU = Debug|Any CPU
		Release|Any CPU = Release|Any CPU
	EndGlobalSection
	GlobalSection(ProjectConfigurationPlatforms) = postSolution
		{2F387D95-B402-4931-BC2A-233DE39416AC}.Debug|Any CPU.ActiveCfg = Debug|Any CPU
		{2F387D95-B402-4931-BC2A-233DE39416AC}.Debug|Any CPU.Build.0 = Debug|Any CPU
		{2F387D95-B402-4931-BC2A-233DE39416AC}.Release|Any CPU.ActiveCfg = Release|Any CPU
		{2F387D95-B402-4931-BC2A-233DE39416AC}.Release|Any CPU.Build.0 = Release|Any CPU
	EndGlobalSection
	GlobalSection(SolutionProperties) = preSolution
		HideSolutionNode = FALSE
	EndGlobalSection
	GlobalSection(ExtensibilityGlobals) = postSolution
		SolutionGuid = {20F632BE-75DD-4445-BFE6-7377A5B65285}
	EndGlobalSection
EndGlobal
